// !$*UTF8*$!
{
	archiveVersion = 1;
	classes = {
	};
	objectVersion = 77;
	objects = {

/* Begin PBXBuildFile section */
		0E827BBB2D4E245F008F5875 /* ComposableArchitecture in Frameworks */ = {isa = PBXBuildFile; productRef = 0E827BBA2D4E245F008F5875 /* ComposableArchitecture */; };
/* End PBXBuildFile section */

/* Begin PBXContainerItemProxy section */
		0E30DD412D4E1FDF00664FF7 /* PBXContainerItemProxy */ = {
			isa = PBXContainerItemProxy;
			containerPortal = 0E30DD282D4E1FDD00664FF7 /* Project object */;
			proxyType = 1;
			remoteGlobalIDString = 0E30DD2F2D4E1FDD00664FF7;
			remoteInfo = SyncUps;
		};
		0E30DD4B2D4E1FDF00664FF7 /* PBXContainerItemProxy */ = {
			isa = PBXContainerItemProxy;
			containerPortal = 0E30DD282D4E1FDD00664FF7 /* Project object */;
			proxyType = 1;
			remoteGlobalIDString = 0E30DD2F2D4E1FDD00664FF7;
			remoteInfo = SyncUps;
		};
/* End PBXContainerItemProxy section */

/* Begin PBXFileReference section */
		0E30DD302D4E1FDD00664FF7 /* SyncUps.app */ = {isa = PBXFileReference; explicitFileType = wrapper.application; includeInIndex = 0; path = SyncUps.app; sourceTree = BUILT_PRODUCTS_DIR; };
		0E30DD402D4E1FDF00664FF7 /* SyncUpsTests.xctest */ = {isa = PBXFileReference; explicitFileType = wrapper.cfbundle; includeInIndex = 0; path = SyncUpsTests.xctest; sourceTree = BUILT_PRODUCTS_DIR; };
		0E30DD4A2D4E1FDF00664FF7 /* SyncUpsUITests.xctest */ = {isa = PBXFileReference; explicitFileType = wrapper.cfbundle; includeInIndex = 0; path = SyncUpsUITests.xctest; sourceTree = BUILT_PRODUCTS_DIR; };
/* End PBXFileReference section */

/* Begin PBXFileSystemSynchronizedRootGroup section */
		0E30DD322D4E1FDD00664FF7 /* SyncUps */ = {
			isa = PBXFileSystemSynchronizedRootGroup;
			path = SyncUps;
			sourceTree = "<group>";
		};
		0E30DD432D4E1FDF00664FF7 /* SyncUpsTests */ = {
			isa = PBXFileSystemSynchronizedRootGroup;
			path = SyncUpsTests;
			sourceTree = "<group>";
		};
		0E30DD4D2D4E1FDF00664FF7 /* SyncUpsUITests */ = {
			isa = PBXFileSystemSynchronizedRootGroup;
			path = SyncUpsUITests;
			sourceTree = "<group>";
		};
/* End PBXFileSystemSynchronizedRootGroup section */

/* Begin PBXFrameworksBuildPhase section */
		0E30DD2D2D4E1FDD00664FF7 /* Frameworks */ = {
			isa = PBXFrameworksBuildPhase;
			buildActionMask = 2147483647;
			files = (
				0E827BBB2D4E245F008F5875 /* ComposableArchitecture in Frameworks */,
			);
			runOnlyForDeploymentPostprocessing = 0;
		};
		0E30DD3D2D4E1FDF00664FF7 /* Frameworks */ = {
			isa = PBXFrameworksBuildPhase;
			buildActionMask = 2147483647;
			files = (
			);
			runOnlyForDeploymentPostprocessing = 0;
		};
		0E30DD472D4E1FDF00664FF7 /* Frameworks */ = {
			isa = PBXFrameworksBuildPhase;
			buildActionMask = 2147483647;
			files = (
			);
			runOnlyForDeploymentPostprocessing = 0;
		};
/* End PBXFrameworksBuildPhase section */

/* Begin PBXGroup section */
		0E30DD272D4E1FDD00664FF7 = {
			isa = PBXGroup;
			children = (
				0E30DD322D4E1FDD00664FF7 /* SyncUps */,
				0E30DD432D4E1FDF00664FF7 /* SyncUpsTests */,
				0E30DD4D2D4E1FDF00664FF7 /* SyncUpsUITests */,
				0E30DD312D4E1FDD00664FF7 /* Products */,
			);
			sourceTree = "<group>";
		};
		0E30DD312D4E1FDD00664FF7 /* Products */ = {
			isa = PBXGroup;
			children = (
				0E30DD302D4E1FDD00664FF7 /* SyncUps.app */,
				0E30DD402D4E1FDF00664FF7 /* SyncUpsTests.xctest */,
				0E30DD4A2D4E1FDF00664FF7 /* SyncUpsUITests.xctest */,
			);
			name = Products;
			sourceTree = "<group>";
		};
/* End PBXGroup section */

/* Begin PBXNativeTarget section */
		0E30DD2F2D4E1FDD00664FF7 /* SyncUps */ = {
			isa = PBXNativeTarget;
			buildConfigurationList = 0E30DD542D4E1FDF00664FF7 /* Build configuration list for PBXNativeTarget "SyncUps" */;
			buildPhases = (
				0E30DD2C2D4E1FDD00664FF7 /* Sources */,
				0E30DD2D2D4E1FDD00664FF7 /* Frameworks */,
				0E30DD2E2D4E1FDD00664FF7 /* Resources */,
			);
			buildRules = (
			);
			dependencies = (
			);
			fileSystemSynchronizedGroups = (
				0E30DD322D4E1FDD00664FF7 /* SyncUps */,
			);
			name = SyncUps;
			packageProductDependencies = (
				0E827BBA2D4E245F008F5875 /* ComposableArchitecture */,
			);
			productName = SyncUps;
			productReference = 0E30DD302D4E1FDD00664FF7 /* SyncUps.app */;
			productType = "com.apple.product-type.application";
		};
		0E30DD3F2D4E1FDF00664FF7 /* SyncUpsTests */ = {
			isa = PBXNativeTarget;
			buildConfigurationList = 0E30DD572D4E1FDF00664FF7 /* Build configuration list for PBXNativeTarget "SyncUpsTests" */;
			buildPhases = (
				0E30DD3C2D4E1FDF00664FF7 /* Sources */,
				0E30DD3D2D4E1FDF00664FF7 /* Frameworks */,
				0E30DD3E2D4E1FDF00664FF7 /* Resources */,
			);
			buildRules = (
			);
			dependencies = (
				0E30DD422D4E1FDF00664FF7 /* PBXTargetDependency */,
			);
			fileSystemSynchronizedGroups = (
				0E30DD432D4E1FDF00664FF7 /* SyncUpsTests */,
			);
			name = SyncUpsTests;
			packageProductDependencies = (
			);
			productName = SyncUpsTests;
			productReference = 0E30DD402D4E1FDF00664FF7 /* SyncUpsTests.xctest */;
			productType = "com.apple.product-type.bundle.unit-test";
		};
		0E30DD492D4E1FDF00664FF7 /* SyncUpsUITests */ = {
			isa = PBXNativeTarget;
			buildConfigurationList = 0E30DD5A2D4E1FDF00664FF7 /* Build configuration list for PBXNativeTarget "SyncUpsUITests" */;
			buildPhases = (
				0E30DD462D4E1FDF00664FF7 /* Sources */,
				0E30DD472D4E1FDF00664FF7 /* Frameworks */,
				0E30DD482D4E1FDF00664FF7 /* Resources */,
			);
			buildRules = (
			);
			dependencies = (
				0E30DD4C2D4E1FDF00664FF7 /* PBXTargetDependency */,
			);
			fileSystemSynchronizedGroups = (
				0E30DD4D2D4E1FDF00664FF7 /* SyncUpsUITests */,
			);
			name = SyncUpsUITests;
			packageProductDependencies = (
			);
			productName = SyncUpsUITests;
			productReference = 0E30DD4A2D4E1FDF00664FF7 /* SyncUpsUITests.xctest */;
			productType = "com.apple.product-type.bundle.ui-testing";
		};
/* End PBXNativeTarget section */

/* Begin PBXProject section */
		0E30DD282D4E1FDD00664FF7 /* Project object */ = {
			isa = PBXProject;
			attributes = {
				BuildIndependentTargetsInParallel = 1;
				LastSwiftUpdateCheck = 1620;
				LastUpgradeCheck = 1620;
				TargetAttributes = {
					0E30DD2F2D4E1FDD00664FF7 = {
						CreatedOnToolsVersion = 16.2;
					};
					0E30DD3F2D4E1FDF00664FF7 = {
						CreatedOnToolsVersion = 16.2;
						TestTargetID = 0E30DD2F2D4E1FDD00664FF7;
					};
					0E30DD492D4E1FDF00664FF7 = {
						CreatedOnToolsVersion = 16.2;
						TestTargetID = 0E30DD2F2D4E1FDD00664FF7;
					};
				};
			};
			buildConfigurationList = 0E30DD2B2D4E1FDD00664FF7 /* Build configuration list for PBXProject "SyncUps" */;
			developmentRegion = en;
			hasScannedForEncodings = 0;
			knownRegions = (
				en,
				Base,
			);
			mainGroup = 0E30DD272D4E1FDD00664FF7;
			minimizedProjectReferenceProxies = 1;
			packageReferences = (
				0E827BB92D4E245F008F5875 /* XCRemoteSwiftPackageReference "swift-composable-architecture" */,
			);
			preferredProjectObjectVersion = 77;
			productRefGroup = 0E30DD312D4E1FDD00664FF7 /* Products */;
			projectDirPath = "";
			projectRoot = "";
			targets = (
				0E30DD2F2D4E1FDD00664FF7 /* SyncUps */,
				0E30DD3F2D4E1FDF00664FF7 /* SyncUpsTests */,
				0E30DD492D4E1FDF00664FF7 /* SyncUpsUITests */,
			);
		};
/* End PBXProject section */

/* Begin PBXResourcesBuildPhase section */
		0E30DD2E2D4E1FDD00664FF7 /* Resources */ = {
			isa = PBXResourcesBuildPhase;
			buildActionMask = 2147483647;
			files = (
			);
			runOnlyForDeploymentPostprocessing = 0;
		};
		0E30DD3E2D4E1FDF00664FF7 /* Resources */ = {
			isa = PBXResourcesBuildPhase;
			buildActionMask = 2147483647;
			files = (
			);
			runOnlyForDeploymentPostprocessing = 0;
		};
		0E30DD482D4E1FDF00664FF7 /* Resources */ = {
			isa = PBXResourcesBuildPhase;
			buildActionMask = 2147483647;
			files = (
			);
			runOnlyForDeploymentPostprocessing = 0;
		};
/* End PBXResourcesBuildPhase section */

/* Begin PBXSourcesBuildPhase section */
		0E30DD2C2D4E1FDD00664FF7 /* Sources */ = {
			isa = PBXSourcesBuildPhase;
			buildActionMask = 2147483647;
			files = (
			);
			runOnlyForDeploymentPostprocessing = 0;
		};
		0E30DD3C2D4E1FDF00664FF7 /* Sources */ = {
			isa = PBXSourcesBuildPhase;
			buildActionMask = 2147483647;
			files = (
			);
			runOnlyForDeploymentPostprocessing = 0;
		};
		0E30DD462D4E1FDF00664FF7 /* Sources */ = {
			isa = PBXSourcesBuildPhase;
			buildActionMask = 2147483647;
			files = (
			);
			runOnlyForDeploymentPostprocessing = 0;
		};
/* End PBXSourcesBuildPhase section */

/* Begin PBXTargetDependency section */
		0E30DD422D4E1FDF00664FF7 /* PBXTargetDependency */ = {
			isa = PBXTargetDependency;
			target = 0E30DD2F2D4E1FDD00664FF7 /* SyncUps */;
			targetProxy = 0E30DD412D4E1FDF00664FF7 /* PBXContainerItemProxy */;
		};
		0E30DD4C2D4E1FDF00664FF7 /* PBXTargetDependency */ = {
			isa = PBXTargetDependency;
			target = 0E30DD2F2D4E1FDD00664FF7 /* SyncUps */;
			targetProxy = 0E30DD4B2D4E1FDF00664FF7 /* PBXContainerItemProxy */;
		};
/* End PBXTargetDependency section */

/* Begin XCBuildConfiguration section */
		0E30DD522D4E1FDF00664FF7 /* Debug */ = {
			isa = XCBuildConfiguration;
			buildSettings = {
				ALWAYS_SEARCH_USER_PATHS = NO;
				ASSETCATALOG_COMPILER_GENERATE_SWIFT_ASSET_SYMBOL_EXTENSIONS = YES;
				CLANG_ANALYZER_NONNULL = YES;
				CLANG_ANALYZER_NUMBER_OBJECT_CONVERSION = YES_AGGRESSIVE;
				CLANG_CXX_LANGUAGE_STANDARD = "gnu++20";
				CLANG_ENABLE_MODULES = YES;
				CLANG_ENABLE_OBJC_ARC = YES;
				CLANG_ENABLE_OBJC_WEAK = YES;
				CLANG_WARN_BLOCK_CAPTURE_AUTORELEASING = YES;
				CLANG_WARN_BOOL_CONVERSION = YES;
				CLANG_WARN_COMMA = YES;
				CLANG_WARN_CONSTANT_CONVERSION = YES;
				CLANG_WARN_DEPRECATED_OBJC_IMPLEMENTATIONS = YES;
				CLANG_WARN_DIRECT_OBJC_ISA_USAGE = YES_ERROR;
				CLANG_WARN_DOCUMENTATION_COMMENTS = YES;
				CLANG_WARN_EMPTY_BODY = YES;
				CLANG_WARN_ENUM_CONVERSION = YES;
				CLANG_WARN_INFINITE_RECURSION = YES;
				CLANG_WARN_INT_CONVERSION = YES;
				CLANG_WARN_NON_LITERAL_NULL_CONVERSION = YES;
				CLANG_WARN_OBJC_IMPLICIT_RETAIN_SELF = YES;
				CLANG_WARN_OBJC_LITERAL_CONVERSION = YES;
				CLANG_WARN_OBJC_ROOT_CLASS = YES_ERROR;
				CLANG_WARN_QUOTED_INCLUDE_IN_FRAMEWORK_HEADER = YES;
				CLANG_WARN_RANGE_LOOP_ANALYSIS = YES;
				CLANG_WARN_STRICT_PROTOTYPES = YES;
				CLANG_WARN_SUSPICIOUS_MOVE = YES;
				CLANG_WARN_UNGUARDED_AVAILABILITY = YES_AGGRESSIVE;
				CLANG_WARN_UNREACHABLE_CODE = YES;
				CLANG_WARN__DUPLICATE_METHOD_MATCH = YES;
				COPY_PHASE_STRIP = NO;
				DEBUG_INFORMATION_FORMAT = dwarf;
				ENABLE_STRICT_OBJC_MSGSEND = YES;
				ENABLE_TESTABILITY = YES;
				ENABLE_USER_SCRIPT_SANDBOXING = YES;
				GCC_C_LANGUAGE_STANDARD = gnu17;
				GCC_DYNAMIC_NO_PIC = NO;
				GCC_NO_COMMON_BLOCKS = YES;
				GCC_OPTIMIZATION_LEVEL = 0;
				GCC_PREPROCESSOR_DEFINITIONS = (
					"DEBUG=1",
					"$(inherited)",
				);
				GCC_WARN_64_TO_32_BIT_CONVERSION = YES;
				GCC_WARN_ABOUT_RETURN_TYPE = YES_ERROR;
				GCC_WARN_UNDECLARED_SELECTOR = YES;
				GCC_WARN_UNINITIALIZED_AUTOS = YES_AGGRESSIVE;
				GCC_WARN_UNUSED_FUNCTION = YES;
				GCC_WARN_UNUSED_VARIABLE = YES;
				IPHONEOS_DEPLOYMENT_TARGET = 18.2;
				LOCALIZATION_PREFERS_STRING_CATALOGS = YES;
				MTL_ENABLE_DEBUG_INFO = INCLUDE_SOURCE;
				MTL_FAST_MATH = YES;
				ONLY_ACTIVE_ARCH = YES;
				SDKROOT = iphoneos;
				SWIFT_ACTIVE_COMPILATION_CONDITIONS = "DEBUG $(inherited)";
				SWIFT_OPTIMIZATION_LEVEL = "-Onone";
				SWIFT_STRICT_CONCURRENCY = complete;
			};
			name = Debug;
		};
		0E30DD532D4E1FDF00664FF7 /* Release */ = {
			isa = XCBuildConfiguration;
			buildSettings = {
				ALWAYS_SEARCH_USER_PATHS = NO;
				ASSETCATALOG_COMPILER_GENERATE_SWIFT_ASSET_SYMBOL_EXTENSIONS = YES;
				CLANG_ANALYZER_NONNULL = YES;
				CLANG_ANALYZER_NUMBER_OBJECT_CONVERSION = YES_AGGRESSIVE;
				CLANG_CXX_LANGUAGE_STANDARD = "gnu++20";
				CLANG_ENABLE_MODULES = YES;
				CLANG_ENABLE_OBJC_ARC = YES;
				CLANG_ENABLE_OBJC_WEAK = YES;
				CLANG_WARN_BLOCK_CAPTURE_AUTORELEASING = YES;
				CLANG_WARN_BOOL_CONVERSION = YES;
				CLANG_WARN_COMMA = YES;
				CLANG_WARN_CONSTANT_CONVERSION = YES;
				CLANG_WARN_DEPRECATED_OBJC_IMPLEMENTATIONS = YES;
				CLANG_WARN_DIRECT_OBJC_ISA_USAGE = YES_ERROR;
				CLANG_WARN_DOCUMENTATION_COMMENTS = YES;
				CLANG_WARN_EMPTY_BODY = YES;
				CLANG_WARN_ENUM_CONVERSION = YES;
				CLANG_WARN_INFINITE_RECURSION = YES;
				CLANG_WARN_INT_CONVERSION = YES;
				CLANG_WARN_NON_LITERAL_NULL_CONVERSION = YES;
				CLANG_WARN_OBJC_IMPLICIT_RETAIN_SELF = YES;
				CLANG_WARN_OBJC_LITERAL_CONVERSION = YES;
				CLANG_WARN_OBJC_ROOT_CLASS = YES_ERROR;
				CLANG_WARN_QUOTED_INCLUDE_IN_FRAMEWORK_HEADER = YES;
				CLANG_WARN_RANGE_LOOP_ANALYSIS = YES;
				CLANG_WARN_STRICT_PROTOTYPES = YES;
				CLANG_WARN_SUSPICIOUS_MOVE = YES;
				CLANG_WARN_UNGUARDED_AVAILABILITY = YES_AGGRESSIVE;
				CLANG_WARN_UNREACHABLE_CODE = YES;
				CLANG_WARN__DUPLICATE_METHOD_MATCH = YES;
				COPY_PHASE_STRIP = NO;
				DEBUG_INFORMATION_FORMAT = "dwarf-with-dsym";
				ENABLE_NS_ASSERTIONS = NO;
				ENABLE_STRICT_OBJC_MSGSEND = YES;
				ENABLE_USER_SCRIPT_SANDBOXING = YES;
				GCC_C_LANGUAGE_STANDARD = gnu17;
				GCC_NO_COMMON_BLOCKS = YES;
				GCC_WARN_64_TO_32_BIT_CONVERSION = YES;
				GCC_WARN_ABOUT_RETURN_TYPE = YES_ERROR;
				GCC_WARN_UNDECLARED_SELECTOR = YES;
				GCC_WARN_UNINITIALIZED_AUTOS = YES_AGGRESSIVE;
				GCC_WARN_UNUSED_FUNCTION = YES;
				GCC_WARN_UNUSED_VARIABLE = YES;
				IPHONEOS_DEPLOYMENT_TARGET = 18.2;
				LOCALIZATION_PREFERS_STRING_CATALOGS = YES;
				MTL_ENABLE_DEBUG_INFO = NO;
				MTL_FAST_MATH = YES;
				SDKROOT = iphoneos;
				SWIFT_COMPILATION_MODE = wholemodule;
				SWIFT_STRICT_CONCURRENCY = complete;
				VALIDATE_PRODUCT = YES;
			};
			name = Release;
		};
		0E30DD552D4E1FDF00664FF7 /* Debug */ = {
			isa = XCBuildConfiguration;
			buildSettings = {
				ASSETCATALOG_COMPILER_APPICON_NAME = AppIcon;
				ASSETCATALOG_COMPILER_GLOBAL_ACCENT_COLOR_NAME = AccentColor;
				CODE_SIGN_STYLE = Manual;
				CURRENT_PROJECT_VERSION = 1;
				DEVELOPMENT_ASSET_PATHS = "\"SyncUps/Preview Content\"";
				DEVELOPMENT_TEAM = "";
				ENABLE_PREVIEWS = YES;
				GENERATE_INFOPLIST_FILE = YES;
				INFOPLIST_KEY_UIApplicationSceneManifest_Generation = YES;
				INFOPLIST_KEY_UIApplicationSupportsIndirectInputEvents = YES;
				INFOPLIST_KEY_UILaunchScreen_Generation = YES;
				INFOPLIST_KEY_UISupportedInterfaceOrientations_iPad = "UIInterfaceOrientationPortrait UIInterfaceOrientationPortraitUpsideDown UIInterfaceOrientationLandscapeLeft UIInterfaceOrientationLandscapeRight";
				INFOPLIST_KEY_UISupportedInterfaceOrientations_iPhone = "UIInterfaceOrientationPortrait UIInterfaceOrientationLandscapeLeft UIInterfaceOrientationLandscapeRight";
				LD_RUNPATH_SEARCH_PATHS = (
					"$(inherited)",
					"@executable_path/Frameworks",
				);
				MARKETING_VERSION = 1.0;
				PRODUCT_BUNDLE_IDENTIFIER = "penguinsan-pg.SyncUps";
				PRODUCT_NAME = "$(TARGET_NAME)";
				PROVISIONING_PROFILE_SPECIFIER = "";
				SWIFT_EMIT_LOC_STRINGS = YES;
				SWIFT_VERSION = 5.0;
				TARGETED_DEVICE_FAMILY = "1,2";
			};
			name = Debug;
		};
		0E30DD562D4E1FDF00664FF7 /* Release */ = {
			isa = XCBuildConfiguration;
			buildSettings = {
				ASSETCATALOG_COMPILER_APPICON_NAME = AppIcon;
				ASSETCATALOG_COMPILER_GLOBAL_ACCENT_COLOR_NAME = AccentColor;
				CODE_SIGN_STYLE = Manual;
				CURRENT_PROJECT_VERSION = 1;
				DEVELOPMENT_ASSET_PATHS = "\"SyncUps/Preview Content\"";
				DEVELOPMENT_TEAM = "";
				ENABLE_PREVIEWS = YES;
				GENERATE_INFOPLIST_FILE = YES;
				INFOPLIST_KEY_UIApplicationSceneManifest_Generation = YES;
				INFOPLIST_KEY_UIApplicationSupportsIndirectInputEvents = YES;
				INFOPLIST_KEY_UILaunchScreen_Generation = YES;
				INFOPLIST_KEY_UISupportedInterfaceOrientations_iPad = "UIInterfaceOrientationPortrait UIInterfaceOrientationPortraitUpsideDown UIInterfaceOrientationLandscapeLeft UIInterfaceOrientationLandscapeRight";
				INFOPLIST_KEY_UISupportedInterfaceOrientations_iPhone = "UIInterfaceOrientationPortrait UIInterfaceOrientationLandscapeLeft UIInterfaceOrientationLandscapeRight";
				LD_RUNPATH_SEARCH_PATHS = (
					"$(inherited)",
					"@executable_path/Frameworks",
				);
				MARKETING_VERSION = 1.0;
				PRODUCT_BUNDLE_IDENTIFIER = "penguinsan-pg.SyncUps";
				PRODUCT_NAME = "$(TARGET_NAME)";
				PROVISIONING_PROFILE_SPECIFIER = "";
				SWIFT_EMIT_LOC_STRINGS = YES;
				SWIFT_VERSION = 5.0;
				TARGETED_DEVICE_FAMILY = "1,2";
			};
			name = Release;
		};
		0E30DD582D4E1FDF00664FF7 /* Debug */ = {
			isa = XCBuildConfiguration;
			buildSettings = {
				BUNDLE_LOADER = "$(TEST_HOST)";
				CODE_SIGN_STYLE = Automatic;
				CURRENT_PROJECT_VERSION = 1;
				GENERATE_INFOPLIST_FILE = YES;
				IPHONEOS_DEPLOYMENT_TARGET = 18.2;
				MARKETING_VERSION = 1.0;
				PRODUCT_BUNDLE_IDENTIFIER = "penguinsan-pg.SyncUpsTests";
				PRODUCT_NAME = "$(TARGET_NAME)";
				SWIFT_EMIT_LOC_STRINGS = NO;
				SWIFT_VERSION = 5.0;
				TARGETED_DEVICE_FAMILY = "1,2";
				TEST_HOST = "$(BUILT_PRODUCTS_DIR)/SyncUps.app/$(BUNDLE_EXECUTABLE_FOLDER_PATH)/SyncUps";
			};
			name = Debug;
		};
		0E30DD592D4E1FDF00664FF7 /* Release */ = {
			isa = XCBuildConfiguration;
			buildSettings = {
				BUNDLE_LOADER = "$(TEST_HOST)";
				CODE_SIGN_STYLE = Automatic;
				CURRENT_PROJECT_VERSION = 1;
				GENERATE_INFOPLIST_FILE = YES;
				IPHONEOS_DEPLOYMENT_TARGET = 18.2;
				MARKETING_VERSION = 1.0;
				PRODUCT_BUNDLE_IDENTIFIER = "penguinsan-pg.SyncUpsTests";
				PRODUCT_NAME = "$(TARGET_NAME)";
				SWIFT_EMIT_LOC_STRINGS = NO;
				SWIFT_VERSION = 5.0;
				TARGETED_DEVICE_FAMILY = "1,2";
				TEST_HOST = "$(BUILT_PRODUCTS_DIR)/SyncUps.app/$(BUNDLE_EXECUTABLE_FOLDER_PATH)/SyncUps";
			};
			name = Release;
		};
		0E30DD5B2D4E1FDF00664FF7 /* Debug */ = {
			isa = XCBuildConfiguration;
			buildSettings = {
				CODE_SIGN_STYLE = Automatic;
				CURRENT_PROJECT_VERSION = 1;
				GENERATE_INFOPLIST_FILE = YES;
				MARKETING_VERSION = 1.0;
				PRODUCT_BUNDLE_IDENTIFIER = "penguinsan-pg.SyncUpsUITests";
				PRODUCT_NAME = "$(TARGET_NAME)";
				SWIFT_EMIT_LOC_STRINGS = NO;
				SWIFT_VERSION = 5.0;
				TARGETED_DEVICE_FAMILY = "1,2";
				TEST_TARGET_NAME = SyncUps;
			};
			name = Debug;
		};
		0E30DD5C2D4E1FDF00664FF7 /* Release */ = {
			isa = XCBuildConfiguration;
			buildSettings = {
				CODE_SIGN_STYLE = Automatic;
				CURRENT_PROJECT_VERSION = 1;
				GENERATE_INFOPLIST_FILE = YES;
				MARKETING_VERSION = 1.0;
				PRODUCT_BUNDLE_IDENTIFIER = "penguinsan-pg.SyncUpsUITests";
				PRODUCT_NAME = "$(TARGET_NAME)";
				SWIFT_EMIT_LOC_STRINGS = NO;
				SWIFT_VERSION = 5.0;
				TARGETED_DEVICE_FAMILY = "1,2";
				TEST_TARGET_NAME = SyncUps;
			};
			name = Release;
		};
/* End XCBuildConfiguration section */

/* Begin XCConfigurationList section */
		0E30DD2B2D4E1FDD00664FF7 /* Build configuration list for PBXProject "SyncUps" */ = {
			isa = XCConfigurationList;
			buildConfigurations = (
				0E30DD522D4E1FDF00664FF7 /* Debug */,
				0E30DD532D4E1FDF00664FF7 /* Release */,
			);
			defaultConfigurationIsVisible = 0;
			defaultConfigurationName = Release;
		};
		0E30DD542D4E1FDF00664FF7 /* Build configuration list for PBXNativeTarget "SyncUps" */ = {
			isa = XCConfigurationList;
			buildConfigurations = (
				0E30DD552D4E1FDF00664FF7 /* Debug */,
				0E30DD562D4E1FDF00664FF7 /* Release */,
			);
			defaultConfigurationIsVisible = 0;
			defaultConfigurationName = Release;
		};
		0E30DD572D4E1FDF00664FF7 /* Build configuration list for PBXNativeTarget "SyncUpsTests" */ = {
			isa = XCConfigurationList;
			buildConfigurations = (
				0E30DD582D4E1FDF00664FF7 /* Debug */,
				0E30DD592D4E1FDF00664FF7 /* Release */,
			);
			defaultConfigurationIsVisible = 0;
			defaultConfigurationName = Release;
		};
		0E30DD5A2D4E1FDF00664FF7 /* Build configuration list for PBXNativeTarget "SyncUpsUITests" */ = {
			isa = XCConfigurationList;
			buildConfigurations = (
				0E30DD5B2D4E1FDF00664FF7 /* Debug */,
				0E30DD5C2D4E1FDF00664FF7 /* Release */,
			);
			defaultConfigurationIsVisible = 0;
			defaultConfigurationName = Release;
		};
/* End XCConfigurationList section */

/* Begin XCRemoteSwiftPackageReference section */
		0E827BB92D4E245F008F5875 /* XCRemoteSwiftPackageReference "swift-composable-architecture" */ = {
			isa = XCRemoteSwiftPackageReference;
			repositoryURL = "https://github.com/pointfreeco/swift-composable-architecture";
			requirement = {
				kind = exactVersion;
				version = 1.17.1;
			};
		};
/* End XCRemoteSwiftPackageReference section */

/* Begin XCSwiftPackageProductDependency section */
		0E827BBA2D4E245F008F5875 /* ComposableArchitecture */ = {
			isa = XCSwiftPackageProductDependency;
			package = 0E827BB92D4E245F008F5875 /* XCRemoteSwiftPackageReference "swift-composable-architecture" */;
			productName = ComposableArchitecture;
		};
/* End XCSwiftPackageProductDependency section */
	};
	rootObject = 0E30DD282D4E1FDD00664FF7 /* Project object */;
}
